
Microsoft Visual Studio Solution File, Format Version 12.00
# Visual Studio Version 16
VisualStudioVersion = 16.0.29613.14
MinimumVisualStudioVersion = 10.0.40219.1
Project("{FAE04EC0-301F-11D3-BF4B-00C04F79EFBC}") = "App01_ConsultarCEP.UWP", "App01_ConsultarCEP\App01_ConsultarCEP.UWP\App01_ConsultarCEP.UWP.csproj", "{E4A0764C-9923-42F5-AF9D-23C126C0A981}"
EndProject
Project("{FAE04EC0-301F-11D3-BF4B-00C04F79EFBC}") = "App01_ConsultarCEP.Android", "App01_ConsultarCEP\App01_ConsultarCEP.Android\App01_ConsultarCEP.Android.csproj", "{1B0A4FA4-852B-4722-B590-1940D461983D}"
EndProject
Project("{FAE04EC0-301F-11D3-BF4B-00C04F79EFBC}") = "App01_ConsultarCEP.iOS", "App01_ConsultarCEP\App01_ConsultarCEP.iOS\App01_ConsultarCEP.iOS.csproj", "{1F24ECC9-60C9-4B1E-883A-AFC981958264}"
EndProject
Project("{FAE04EC0-301F-11D3-BF4B-00C04F79EFBC}") = "App01_ConsultarCEP", "App01_ConsultarCEP\App01_ConsultarCEP\App01_ConsultarCEP.csproj", "{322C277F-C992-42A6-9610-467427E559FA}"
EndProject
Global
	GlobalSection(SolutionConfigurationPlatforms) = preSolution
		Debug|Any CPU = Debug|Any CPU
		Debug|ARM = Debug|ARM
		Debug|iPhone = Debug|iPhone
		Debug|iPhoneSimulator = Debug|iPhoneSimulator
		Debug|x64 = Debug|x64
		Debug|x86 = Debug|x86
		Release|Any CPU = Release|Any CPU
		Release|ARM = Release|ARM
		Release|iPhone = Release|iPhone
		Release|iPhoneSimulator = Release|iPhoneSimulator
		Release|x64 = Release|x64
		Release|x86 = Release|x86
	EndGlobalSection
	GlobalSection(ProjectConfigurationPlatforms) = postSolution
		{E4A0764C-9923-42F5-AF9D-23C126C0A981}.Debug|Any CPU.ActiveCfg = Debug|x86
		{E4A0764C-9923-42F5-AF9D-23C126C0A981}.Debug|Any CPU.Build.0 = Debug|x86
		{E4A0764C-9923-42F5-AF9D-23C126C0A981}.Debug|Any CPU.Deploy.0 = Debug|x86
		{E4A0764C-9923-42F5-AF9D-23C126C0A981}.Debug|ARM.ActiveCfg = Debug|ARM
		{E4A0764C-9923-42F5-AF9D-23C126C0A981}.Debug|ARM.Build.0 = Debug|ARM
		{E4A0764C-9923-42F5-AF9D-23C126C0A981}.Debug|ARM.Deploy.0 = Debug|ARM
		{E4A0764C-9923-42F5-AF9D-23C126C0A981}.Debug|iPhone.ActiveCfg = Debug|x86
		{E4A0764C-9923-42F5-AF9D-23C126C0A981}.Debug|iPhone.Build.0 = Debug|x86
		{E4A0764C-9923-42F5-AF9D-23C126C0A981}.Debug|iPhone.Deploy.0 = Debug|x86
		{E4A0764C-9923-42F5-AF9D-23C126C0A981}.Debug|iPhoneSimulator.ActiveCfg = Debug|x86
		{E4A0764C-9923-42F5-AF9D-23C126C0A981}.Debug|iPhoneSimulator.Build.0 = Debug|x86
		{E4A0764C-9923-42F5-AF9D-23C126C0A981}.Debug|iPhoneSimulator.Deploy.0 = Debug|x86
		{E4A0764C-9923-42F5-AF9D-23C126C0A981}.Debug|x64.ActiveCfg = Debug|x64
		{E4A0764C-9923-42F5-AF9D-23C126C0A981}.Debug|x64.Build.0 = Debug|x64
		{E4A0764C-9923-42F5-AF9D-23C126C0A981}.Debug|x64.Deploy.0 = Debug|x64
		{E4A0764C-9923-42F5-AF9D-23C126C0A981}.Debug|x86.ActiveCfg = Debug|x86
		{E4A0764C-9923-42F5-AF9D-23C126C0A981}.Debug|x86.Build.0 = Debug|x86
		{E4A0764C-9923-42F5-AF9D-23C126C0A981}.Debug|x86.Deploy.0 = Debug|x86
		{E4A0764C-9923-42F5-AF9D-23C126C0A981}.Release|Any CPU.ActiveCfg = Release|x86
		{E4A0764C-9923-42F5-AF9D-23C126C0A981}.Release|Any CPU.Build.0 = Release|x86
		{E4A0764C-9923-42F5-AF9D-23C126C0A981}.Release|Any CPU.Deploy.0 = Release|x86
		{E4A0764C-9923-42F5-AF9D-23C126C0A981}.Release|ARM.ActiveCfg = Release|ARM
		{E4A0764C-9923-42F5-AF9D-23C126C0A981}.Release|ARM.Build.0 = Release|ARM
		{E4A0764C-9923-42F5-AF9D-23C126C0A981}.Release|ARM.Deploy.0 = Release|ARM
		{E4A0764C-9923-42F5-AF9D-23C126C0A981}.Release|iPhone.ActiveCfg = Release|x86
		{E4A0764C-9923-42F5-AF9D-23C126C0A981}.Release|iPhone.Build.0 = Release|x86
		{E4A0764C-9923-42F5-AF9D-23C126C0A981}.Release|iPhone.Deploy.0 = Release|x86
		{E4A0764C-9923-42F5-AF9D-23C126C0A981}.Release|iPhoneSimulator.ActiveCfg = Release|x86
		{E4A0764C-9923-42F5-AF9D-23C126C0A981}.Release|iPhoneSimulator.Build.0 = Release|x86
		{E4A0764C-9923-42F5-AF9D-23C126C0A981}.Release|iPhoneSimulator.Deploy.0 = Release|x86
		{E4A0764C-9923-42F5-AF9D-23C126C0A981}.Release|x64.ActiveCfg = Release|x64
		{E4A0764C-9923-42F5-AF9D-23C126C0A981}.Release|x64.Build.0 = Release|x64
		{E4A0764C-9923-42F5-AF9D-23C126C0A981}.Release|x64.Deploy.0 = Release|x64
		{E4A0764C-9923-42F5-AF9D-23C126C0A981}.Release|x86.ActiveCfg = Release|x86
		{E4A0764C-9923-42F5-AF9D-23C126C0A981}.Release|x86.Build.0 = Release|x86
		{E4A0764C-9923-42F5-AF9D-23C126C0A981}.Release|x86.Deploy.0 = Release|x86
		{1B0A4FA4-852B-4722-B590-1940D461983D}.Debug|Any CPU.ActiveCfg = Debug|Any CPU
		{1B0A4FA4-852B-4722-B590-1940D461983D}.Debug|Any CPU.Build.0 = Debug|Any CPU
		{1B0A4FA4-852B-4722-B590-1940D461983D}.Debug|Any CPU.Deploy.0 = Debug|Any CPU
		{1B0A4FA4-852B-4722-B590-1940D461983D}.Debug|ARM.ActiveCfg = Debug|Any CPU
		{1B0A4FA4-852B-4722-B590-1940D461983D}.Debug|ARM.Build.0 = Debug|Any CPU
		{1B0A4FA4-852B-4722-B590-1940D461983D}.Debug|ARM.Deploy.0 = Debug|Any CPU
		{1B0A4FA4-852B-4722-B590-1940D461983D}.Debug|iPhone.ActiveCfg = Debug|Any CPU
		{1B0A4FA4-852B-4722-B590-1940D461983D}.Debug|iPhone.Build.0 = Debug|Any CPU
		{1B0A4FA4-852B-4722-B590-1940D461983D}.Debug|iPhone.Deploy.0 = Debug|Any CPU
		{1B0A4FA4-852B-4722-B590-1940D461983D}.Debug|iPhoneSimulator.ActiveCfg = Debug|Any CPU
		{1B0A4FA4-852B-4722-B590-1940D461983D}.Debug|iPhoneSimulator.Build.0 = Debug|Any CPU
		{1B0A4FA4-852B-4722-B590-1940D461983D}.Debug|iPhoneSimulator.Deploy.0 = Debug|Any CPU
		{1B0A4FA4-852B-4722-B590-1940D461983D}.Debug|x64.ActiveCfg = Debug|Any CPU
		{1B0A4FA4-852B-4722-B590-1940D461983D}.Debug|x64.Build.0 = Debug|Any CPU
		{1B0A4FA4-852B-4722-B590-1940D461983D}.Debug|x64.Deploy.0 = Debug|Any CPU
		{1B0A4FA4-852B-4722-B590-1940D461983D}.Debug|x86.ActiveCfg = Debug|Any CPU
		{1B0A4FA4-852B-4722-B590-1940D461983D}.Debug|x86.Build.0 = Debug|Any CPU
		{1B0A4FA4-852B-4722-B590-1940D461983D}.Debug|x86.Deploy.0 = Debug|Any CPU
		{1B0A4FA4-852B-4722-B590-1940D461983D}.Release|Any CPU.ActiveCfg = Release|Any CPU
		{1B0A4FA4-852B-4722-B590-1940D461983D}.Release|Any CPU.Build.0 = Release|Any CPU
		{1B0A4FA4-852B-4722-B590-1940D461983D}.Release|Any CPU.Deploy.0 = Release|Any CPU
		{1B0A4FA4-852B-4722-B590-1940D461983D}.Release|ARM.ActiveCfg = Release|Any CPU
		{1B0A4FA4-852B-4722-B590-1940D461983D}.Release|ARM.Build.0 = Release|Any CPU
		{1B0A4FA4-852B-4722-B590-1940D461983D}.Release|ARM.Deploy.0 = Release|Any CPU
		{1B0A4FA4-852B-4722-B590-1940D461983D}.Release|iPhone.ActiveCfg = Release|Any CPU
		{1B0A4FA4-852B-4722-B590-1940D461983D}.Release|iPhone.Build.0 = Release|Any CPU
		{1B0A4FA4-852B-4722-B590-1940D461983D}.Release|iPhone.Deploy.0 = Release|Any CPU
		{1B0A4FA4-852B-4722-B590-1940D461983D}.Release|iPhoneSimulator.ActiveCfg = Release|Any CPU
		{1B0A4FA4-852B-4722-B590-1940D461983D}.Release|iPhoneSimulator.Build.0 = Release|Any CPU
		{1B0A4FA4-852B-4722-B590-1940D461983D}.Release|iPhoneSimulator.Deploy.0 = Release|Any CPU
		{1B0A4FA4-852B-4722-B590-1940D461983D}.Release|x64.ActiveCfg = Release|Any CPU
		{1B0A4FA4-852B-4722-B590-1940D461983D}.Release|x64.Build.0 = Release|Any CPU
		{1B0A4FA4-852B-4722-B590-1940D461983D}.Release|x64.Deploy.0 = Release|Any CPU
		{1B0A4FA4-852B-4722-B590-1940D461983D}.Release|x86.ActiveCfg = Release|Any CPU
		{1B0A4FA4-852B-4722-B590-1940D461983D}.Release|x86.Build.0 = Release|Any CPU
		{1B0A4FA4-852B-4722-B590-1940D461983D}.Release|x86.Deploy.0 = Release|Any CPU
		{1F24ECC9-60C9-4B1E-883A-AFC981958264}.Debug|Any CPU.ActiveCfg = Debug|iPhone
		{1F24ECC9-60C9-4B1E-883A-AFC981958264}.Debug|Any CPU.Build.0 = Debug|iPhone
		{1F24ECC9-60C9-4B1E-883A-AFC981958264}.Debug|Any CPU.Deploy.0 = Debug|iPhone
		{1F24ECC9-60C9-4B1E-883A-AFC981958264}.Debug|ARM.ActiveCfg = Debug|iPhoneSimulator
		{1F24ECC9-60C9-4B1E-883A-AFC981958264}.Debug|ARM.Build.0 = Debug|iPhoneSimulator
		{1F24ECC9-60C9-4B1E-883A-AFC981958264}.Debug|ARM.Deploy.0 = Debug|iPhoneSimulator
		{1F24ECC9-60C9-4B1E-883A-AFC981958264}.Debug|iPhone.ActiveCfg = Debug|iPhone
		{1F24ECC9-60C9-4B1E-883A-AFC981958264}.Debug|iPhone.Build.0 = Debug|iPhone
		{1F24ECC9-60C9-4B1E-883A-AFC981958264}.Debug|iPhone.Deploy.0 = Debug|iPhone
		{1F24ECC9-60C9-4B1E-883A-AFC981958264}.Debug|iPhoneSimulator.ActiveCfg = Debug|iPhoneSimulator
		{1F24ECC9-60C9-4B1E-883A-AFC981958264}.Debug|iPhoneSimulator.Build.0 = Debug|iPhoneSimulator
		{1F24ECC9-60C9-4B1E-883A-AFC981958264}.Debug|iPhoneSimulator.Deploy.0 = Debug|iPhoneSimulator
		{1F24ECC9-60C9-4B1E-883A-AFC981958264}.Debug|x64.ActiveCfg = Debug|iPhone
		{1F24ECC9-60C9-4B1E-883A-AFC981958264}.Debug|x64.Build.0 = Debug|iPhone
		{1F24ECC9-60C9-4B1E-883A-AFC981958264}.Debug|x64.Deploy.0 = Debug|iPhone
		{1F24ECC9-60C9-4B1E-883A-AFC981958264}.Debug|x86.ActiveCfg = Debug|iPhone
		{1F24ECC9-60C9-4B1E-883A-AFC981958264}.Debug|x86.Build.0 = Debug|iPhone
		{1F24ECC9-60C9-4B1E-883A-AFC981958264}.Debug|x86.Deploy.0 = Debug|iPhone
		{1F24ECC9-60C9-4B1E-883A-AFC981958264}.Release|Any CPU.ActiveCfg = Release|iPhone
		{1F24ECC9-60C9-4B1E-883A-AFC981958264}.Release|Any CPU.Build.0 = Release|iPhone
		{1F24ECC9-60C9-4B1E-883A-AFC981958264}.Release|Any CPU.Deploy.0 = Release|iPhone
		{1F24ECC9-60C9-4B1E-883A-AFC981958264}.Release|ARM.ActiveCfg = Release|iPhone
		{1F24ECC9-60C9-4B1E-883A-AFC981958264}.Release|ARM.Build.0 = Release|iPhone
		{1F24ECC9-60C9-4B1E-883A-AFC981958264}.Release|ARM.Deploy.0 = Release|iPhone
		{1F24ECC9-60C9-4B1E-883A-AFC981958264}.Release|iPhone.ActiveCfg = Release|iPhone
		{1F24ECC9-60C9-4B1E-883A-AFC981958264}.Release|iPhone.Build.0 = Release|iPhone
		{1F24ECC9-60C9-4B1E-883A-AFC981958264}.Release|iPhone.Deploy.0 = Release|iPhone
		{1F24ECC9-60C9-4B1E-883A-AFC981958264}.Release|iPhoneSimulator.ActiveCfg = Release|iPhoneSimulator
		{1F24ECC9-60C9-4B1E-883A-AFC981958264}.Release|iPhoneSimulator.Build.0 = Release|iPhoneSimulator
		{1F24ECC9-60C9-4B1E-883A-AFC981958264}.Release|iPhoneSimulator.Deploy.0 = Release|iPhoneSimulator
		{1F24ECC9-60C9-4B1E-883A-AFC981958264}.Release|x64.ActiveCfg = Release|iPhone
		{1F24ECC9-60C9-4B1E-883A-AFC981958264}.Release|x64.Build.0 = Release|iPhone
		{1F24ECC9-60C9-4B1E-883A-AFC981958264}.Release|x64.Deploy.0 = Release|iPhone
		{1F24ECC9-60C9-4B1E-883A-AFC981958264}.Release|x86.ActiveCfg = Release|iPhone
		{1F24ECC9-60C9-4B1E-883A-AFC981958264}.Release|x86.Build.0 = Release|iPhone
		{1F24ECC9-60C9-4B1E-883A-AFC981958264}.Release|x86.Deploy.0 = Release|iPhone
		{322C277F-C992-42A6-9610-467427E559FA}.Debug|Any CPU.ActiveCfg = Debug|Any CPU
		{322C277F-C992-42A6-9610-467427E559FA}.Debug|Any CPU.Build.0 = Debug|Any CPU
		{322C277F-C992-42A6-9610-467427E559FA}.Debug|Any CPU.Deploy.0 = Debug|Any CPU
		{322C277F-C992-42A6-9610-467427E559FA}.Debug|ARM.ActiveCfg = Debug|Any CPU
		{322C277F-C992-42A6-9610-467427E559FA}.Debug|ARM.Build.0 = Debug|Any CPU
		{322C277F-C992-42A6-9610-467427E559FA}.Debug|ARM.Deploy.0 = Debug|Any CPU
		{322C277F-C992-42A6-9610-467427E559FA}.Debug|iPhone.ActiveCfg = Debug|Any CPU
		{322C277F-C992-42A6-9610-467427E559FA}.Debug|iPhone.Build.0 = Debug|Any CPU
		{322C277F-C992-42A6-9610-467427E559FA}.Debug|iPhone.Deploy.0 = Debug|Any CPU
		{322C277F-C992-42A6-9610-467427E559FA}.Debug|iPhoneSimulator.ActiveCfg = Debug|Any CPU
		{322C277F-C992-42A6-9610-467427E559FA}.Debug|iPhoneSimulator.Build.0 = Debug|Any CPU
		{322C277F-C992-42A6-9610-467427E559FA}.Debug|iPhoneSimulator.Deploy.0 = Debug|Any CPU
		{322C277F-C992-42A6-9610-467427E559FA}.Debug|x64.ActiveCfg = Debug|Any CPU
		{322C277F-C992-42A6-9610-467427E559FA}.Debug|x64.Build.0 = Debug|Any CPU
		{322C277F-C992-42A6-9610-467427E559FA}.Debug|x64.Deploy.0 = Debug|Any CPU
		{322C277F-C992-42A6-9610-467427E559FA}.Debug|x86.ActiveCfg = Debug|Any CPU
		{322C277F-C992-42A6-9610-467427E559FA}.Debug|x86.Build.0 = Debug|Any CPU
		{322C277F-C992-42A6-9610-467427E559FA}.Debug|x86.Deploy.0 = Debug|Any CPU
		{322C277F-C992-42A6-9610-467427E559FA}.Release|Any CPU.ActiveCfg = Release|Any CPU
		{322C277F-C992-42A6-9610-467427E559FA}.Release|Any CPU.Build.0 = Release|Any CPU
		{322C277F-C992-42A6-9610-467427E559FA}.Release|Any CPU.Deploy.0 = Release|Any CPU
		{322C277F-C992-42A6-9610-467427E559FA}.Release|ARM.ActiveCfg = Release|Any CPU
		{322C277F-C992-42A6-9610-467427E559FA}.Release|ARM.Build.0 = Release|Any CPU
		{322C277F-C992-42A6-9610-467427E559FA}.Release|ARM.Deploy.0 = Release|Any CPU
		{322C277F-C992-42A6-9610-467427E559FA}.Release|iPhone.ActiveCfg = Release|Any CPU
		{322C277F-C992-42A6-9610-467427E559FA}.Release|iPhone.Build.0 = Release|Any CPU
		{322C277F-C992-42A6-9610-467427E559FA}.Release|iPhone.Deploy.0 = Release|Any CPU
		{322C277F-C992-42A6-9610-467427E559FA}.Release|iPhoneSimulator.ActiveCfg = Release|Any CPU
		{322C277F-C992-42A6-9610-467427E559FA}.Release|iPhoneSimulator.Build.0 = Release|Any CPU
		{322C277F-C992-42A6-9610-467427E559FA}.Release|iPhoneSimulator.Deploy.0 = Release|Any CPU
		{322C277F-C992-42A6-9610-467427E559FA}.Release|x64.ActiveCfg = Release|Any CPU
		{322C277F-C992-42A6-9610-467427E559FA}.Release|x64.Build.0 = Release|Any CPU
		{322C277F-C992-42A6-9610-467427E559FA}.Release|x64.Deploy.0 = Release|Any CPU
		{322C277F-C992-42A6-9610-467427E559FA}.Release|x86.ActiveCfg = Release|Any CPU
		{322C277F-C992-42A6-9610-467427E559FA}.Release|x86.Build.0 = Release|Any CPU
		{322C277F-C992-42A6-9610-467427E559FA}.Release|x86.Deploy.0 = Release|Any CPU
	EndGlobalSection
	GlobalSection(SolutionProperties) = preSolution
		HideSolutionNode = FALSE
	EndGlobalSection
	GlobalSection(ExtensibilityGlobals) = postSolution
		SolutionGuid = {F6B62DD8-A484-41D2-AD85-1F758804D5FE}
	EndGlobalSection
EndGlobal
